{
    "_meta": {
        "hash": {
            "sha256": "b15604f7f6c956d4cf69700e2c55c6bd02432778b983eb55f7ce12775119ea57"
        },
        "pipfile-spec": 6,
        "requires": {
            "python_version": "3.6"
        },
        "sources": [
            {
                "name": "pypi",
                "url": "https://pypi.org/simple",
                "verify_ssl": true
            }
        ]
    },
    "default": {
        "hydra-base": {
            "git": "https://github.com/hydraplatform/hydra-base.git",
            "ref": "af4888ac8136bb9a392cf065f157369c7e9de980"
        },
        "hydra-client-python": {
            "git": "https://github.com/hydraplatform/hydra-client-python.git",
            "ref": "5672e1cbcc0b941cd0063ce2d4745b3490b1eef8"
        },
        "hydra-gams": {
            "git": "https://github.com/UMWRG/hydra-gams.git",
            "ref": "5474c67d28fe1b671400e336badab5597862e5d1"
        }
    },
    "develop": {}
}
